Microsoft Visual Studio Solution File, Format Version 12.00
# Visual Studio 2012
Project("{FAE04EC0-301F-11D3-BF4B-00C04F79EFBC}") = "Number Nibbler", "Number Nibbler.csproj", "{D3552835-AFB9-4B52-94E4-71A94F767560}"
EndProject
Project("{FAE04EC0-301F-11D3-BF4B-00C04F79EFBC}") = "VsStubProj", "VsStubProj\VsStubProj.csproj", "{B83A5A30-7D9A-4BCC-BB56-2974A2AAE767}"
EndProject
Global
	GlobalSection(SolutionConfigurationPlatforms) = preSolution
		Debug|Any CPU = Debug|Any CPU
		ExportDebug|Any CPU = ExportDebug|Any CPU
		ExportRelease|Any CPU = ExportRelease|Any CPU
	EndGlobalSection
	GlobalSection(ProjectConfigurationPlatforms) = postSolution
		{D3552835-AFB9-4B52-94E4-71A94F767560}.Debug|Any CPU.ActiveCfg = Debug|Any CPU
		{D3552835-AFB9-4B52-94E4-71A94F767560}.Debug|Any CPU.Build.0 = Debug|Any CPU
		{D3552835-AFB9-4B52-94E4-71A94F767560}.ExportDebug|Any CPU.ActiveCfg = ExportDebug|Any CPU
		{D3552835-AFB9-4B52-94E4-71A94F767560}.ExportDebug|Any CPU.Build.0 = ExportDebug|Any CPU
		{D3552835-AFB9-4B52-94E4-71A94F767560}.ExportRelease|Any CPU.ActiveCfg = ExportRelease|Any CPU
		{D3552835-AFB9-4B52-94E4-71A94F767560}.ExportRelease|Any CPU.Build.0 = ExportRelease|Any CPU
		{B83A5A30-7D9A-4BCC-BB56-2974A2AAE767}.Debug|Any CPU.ActiveCfg = Debug|Any CPU
		{B83A5A30-7D9A-4BCC-BB56-2974A2AAE767}.Debug|Any CPU.Build.0 = Debug|Any CPU
		{B83A5A30-7D9A-4BCC-BB56-2974A2AAE767}.ExportDebug|Any CPU.ActiveCfg = Debug|Any CPU
		{B83A5A30-7D9A-4BCC-BB56-2974A2AAE767}.ExportDebug|Any CPU.Build.0 = Debug|Any CPU
		{B83A5A30-7D9A-4BCC-BB56-2974A2AAE767}.ExportRelease|Any CPU.ActiveCfg = Debug|Any CPU
		{B83A5A30-7D9A-4BCC-BB56-2974A2AAE767}.ExportRelease|Any CPU.Build.0 = Debug|Any CPU
	EndGlobalSection
EndGlobal
